
Microsoft Visual Studio Solution File, Format Version 12.00
# Visual Studio 15
VisualStudioVersion = 15.0.27703.2047
MinimumVisualStudioVersion = 10.0.40219.1
Project("{FAE04EC0-301F-11D3-BF4B-00C04F79EFBC}") = "PahoRebuild", "PahoRebuild\PahoRebuild.csproj", "{D7558277-D83D-403E-92C2-0DDC57B045EA}"
EndProject
Project("{FAE04EC0-301F-11D3-BF4B-00C04F79EFBC}") = "PahoRebuildConsoleDemo", "PahoRebuildConsoleDemo\PahoRebuildConsoleDemo.csproj", "{0F6C7744-3E42-49F5-8F70-5BD95441DCAE}"
EndProject
Global
	GlobalSection(SolutionConfigurationPlatforms) = preSolution
		Debug|Any CPU = Debug|Any CPU
		Release|Any CPU = Release|Any CPU
	EndGlobalSection
	GlobalSection(ProjectConfigurationPlatforms) = postSolution
		{D7558277-D83D-403E-92C2-0DDC57B045EA}.Debug|Any CPU.ActiveCfg = Debug|Any CPU
		{D7558277-D83D-403E-92C2-0DDC57B045EA}.Debug|Any CPU.Build.0 = Debug|Any CPU
		{D7558277-D83D-403E-92C2-0DDC57B045EA}.Release|Any CPU.ActiveCfg = Release|Any CPU
		{D7558277-D83D-403E-92C2-0DDC57B045EA}.Release|Any CPU.Build.0 = Release|Any CPU
		{0F6C7744-3E42-49F5-8F70-5BD95441DCAE}.Debug|Any CPU.ActiveCfg = Debug|Any CPU
		{0F6C7744-3E42-49F5-8F70-5BD95441DCAE}.Debug|Any CPU.Build.0 = Debug|Any CPU
		{0F6C7744-3E42-49F5-8F70-5BD95441DCAE}.Release|Any CPU.ActiveCfg = Release|Any CPU
		{0F6C7744-3E42-49F5-8F70-5BD95441DCAE}.Release|Any CPU.Build.0 = Release|Any CPU
	EndGlobalSection
	GlobalSection(SolutionProperties) = preSolution
		HideSolutionNode = FALSE
	EndGlobalSection
	GlobalSection(ExtensibilityGlobals) = postSolution
		SolutionGuid = {AB416FB0-B34D-404C-8164-BB85CCA84072}
	EndGlobalSection
EndGlobal
